schema: '2.0'
stages:
  prepare:
    cmd: C:/Users/CONDA/python.exe src/prepare.py
    deps:
    - path: src/prepare.py
      hash: md5
      md5: b0d6cea9130a7d723076df7d2e4f811c
      size: 822
    outs:
    - path: data
      hash: md5
      md5: 937ac76928b4c017106f593b895b0ea7.dir
      size: 5200
      nfiles: 4
  train:
    cmd: C:/Users/CONDA/python.exe src/train.py data
    deps:
    - path: data
      hash: md5
      md5: 937ac76928b4c017106f593b895b0ea7.dir
      size: 5200
      nfiles: 4
    - path: src/train.py
      hash: md5
      md5: c8cc040291d6ec731dff472169f5535b
      size: 1883
    params:
      params.yaml:
        train.epochs: 30
